{
  "name": "my-app",
  "version": "0.0.0",
  "lockfileVersion": 1,
  "dependencies": {
    "@progress/kendo-angular-buttons": {
      "version": "1.0.5",
      "resolved": "http://registry.npm.taobao.org/@progress/kendo-angular-buttons/download/@progress/kendo-angular-buttons-1.0.5.tgz",
      "integrity": "sha1-DOoglSG6P//VKa9EIXlpp8x4Gwg="
    },
    "@progress/kendo-angular-popup": {
      "version": "1.2.0",
      "resolved": "http://registry.npm.taobao.org/@progress/kendo-angular-popup/download/@progress/kendo-angular-popup-1.2.0.tgz",
      "integrity": "sha1-om8gQPZLV81CvOpOJhViGDyFjEY="
    },
    "@progress/kendo-popup-common": {
      "version": "1.2.0",
      "resolved": "http://registry.npm.taobao.org/@progress/kendo-popup-common/download/@progress/kendo-popup-common-1.2.0.tgz",
      "integrity": "sha1-um2dz4XnwUPc5IgRVAyu1n5YgkA="
    },
    "tslib": {
      "version": "1.7.1",
      "resolved": "http://registry.npm.taobao.org/tslib/download/tslib-1.7.1.tgz",
      "integrity": "sha1-vIAEFkaRkjp5/oN4u+s9ogF1OOw="
    }
  }
}
